
Microsoft Visual Studio Solution File, Format Version 12.00
# Visual Studio 2013
VisualStudioVersion = 12.0.31101.0
MinimumVisualStudioVersion = 10.0.40219.1
Project("{D954291E-2A0B-460D-934E-DC6B0785DB48}") = "Consonance", "Consonance\Consonance.shproj", "{2459C065-28A0-451F-8537-2AE6A1AF57B3}"
EndProject
Project("{FAE04EC0-301F-11D3-BF4B-00C04F79EFBC}") = "Consonance.AndroidView", "Consonance.AndroidView\Consonance.AndroidView.csproj", "{7CC2887C-CD5F-4354-AA81-12044CA65A40}"
EndProject
Project("{FAE04EC0-301F-11D3-BF4B-00C04F79EFBC}") = "Consonance.XamarinFormsView", "Consonance.XamarinFormsView\Consonance.XamarinFormsView\Consonance.XamarinFormsView.csproj", "{2571C25A-23F2-4806-950C-04C3B323BBDC}"
EndProject
Project("{FAE04EC0-301F-11D3-BF4B-00C04F79EFBC}") = "Consonance.XamarinFormsView.iOS", "Consonance.XamarinFormsView\Consonance.XamarinFormsView.iOS\Consonance.XamarinFormsView.iOS.csproj", "{DC1DAD35-B7EB-4332-A4F9-2E5F69B10BCE}"
EndProject
Project("{FAE04EC0-301F-11D3-BF4B-00C04F79EFBC}") = "Consonance.XamarinFormsView.Droid", "Consonance.XamarinFormsView\Consonance.XamarinFormsView.Droid\Consonance.XamarinFormsView.Droid.csproj", "{1D23EDA3-3737-480C-9DB5-F016191B6ACE}"
EndProject
Global
	GlobalSection(SharedMSBuildProjectFiles) = preSolution
		Consonance\Consonance.projitems*{2571c25a-23f2-4806-950c-04c3b323bbdc}*SharedItemsImports = 4
		Consonance\Consonance.projitems*{2459c065-28a0-451f-8537-2ae6a1af57b3}*SharedItemsImports = 13
	EndGlobalSection
	GlobalSection(SolutionConfigurationPlatforms) = preSolution
		Ad-Hoc|Any CPU = Ad-Hoc|Any CPU
		Ad-Hoc|iPhone = Ad-Hoc|iPhone
		Ad-Hoc|iPhoneSimulator = Ad-Hoc|iPhoneSimulator
		Ad-Hoc|Mixed Platforms = Ad-Hoc|Mixed Platforms
		AppStore|Any CPU = AppStore|Any CPU
		AppStore|iPhone = AppStore|iPhone
		AppStore|iPhoneSimulator = AppStore|iPhoneSimulator
		AppStore|Mixed Platforms = AppStore|Mixed Platforms
		Debug|Any CPU = Debug|Any CPU
		Debug|iPhone = Debug|iPhone
		Debug|iPhoneSimulator = Debug|iPhoneSimulator
		Debug|Mixed Platforms = Debug|Mixed Platforms
		Release|Any CPU = Release|Any CPU
		Release|iPhone = Release|iPhone
		Release|iPhoneSimulator = Release|iPhoneSimulator
		Release|Mixed Platforms = Release|Mixed Platforms
	EndGlobalSection
	GlobalSection(ProjectConfigurationPlatforms) = postSolution
		{7CC2887C-CD5F-4354-AA81-12044CA65A40}.Ad-Hoc|Any CPU.ActiveCfg = Release|Any CPU
		{7CC2887C-CD5F-4354-AA81-12044CA65A40}.Ad-Hoc|iPhone.ActiveCfg = Release|Any CPU
		{7CC2887C-CD5F-4354-AA81-12044CA65A40}.Ad-Hoc|iPhoneSimulator.ActiveCfg = Release|Any CPU
		{7CC2887C-CD5F-4354-AA81-12044CA65A40}.Ad-Hoc|Mixed Platforms.ActiveCfg = Release|Any CPU
		{7CC2887C-CD5F-4354-AA81-12044CA65A40}.AppStore|Any CPU.ActiveCfg = Release|Any CPU
		{7CC2887C-CD5F-4354-AA81-12044CA65A40}.AppStore|iPhone.ActiveCfg = Release|Any CPU
		{7CC2887C-CD5F-4354-AA81-12044CA65A40}.AppStore|iPhoneSimulator.ActiveCfg = Release|Any CPU
		{7CC2887C-CD5F-4354-AA81-12044CA65A40}.AppStore|Mixed Platforms.ActiveCfg = Release|Any CPU
		{7CC2887C-CD5F-4354-AA81-12044CA65A40}.Debug|Any CPU.ActiveCfg = Debug|Any CPU
		{7CC2887C-CD5F-4354-AA81-12044CA65A40}.Debug|Any CPU.Build.0 = Debug|Any CPU
		{7CC2887C-CD5F-4354-AA81-12044CA65A40}.Debug|iPhone.ActiveCfg = Debug|Any CPU
		{7CC2887C-CD5F-4354-AA81-12044CA65A40}.Debug|iPhoneSimulator.ActiveCfg = Debug|Any CPU
		{7CC2887C-CD5F-4354-AA81-12044CA65A40}.Debug|Mixed Platforms.ActiveCfg = Debug|Any CPU
		{7CC2887C-CD5F-4354-AA81-12044CA65A40}.Release|Any CPU.ActiveCfg = Release|Any CPU
		{7CC2887C-CD5F-4354-AA81-12044CA65A40}.Release|Any CPU.Build.0 = Release|Any CPU
		{7CC2887C-CD5F-4354-AA81-12044CA65A40}.Release|iPhone.ActiveCfg = Release|Any CPU
		{7CC2887C-CD5F-4354-AA81-12044CA65A40}.Release|iPhoneSimulator.ActiveCfg = Release|Any CPU
		{7CC2887C-CD5F-4354-AA81-12044CA65A40}.Release|Mixed Platforms.ActiveCfg = Release|Any CPU
		{2571C25A-23F2-4806-950C-04C3B323BBDC}.Ad-Hoc|Any CPU.ActiveCfg = Release|Any CPU
		{2571C25A-23F2-4806-950C-04C3B323BBDC}.Ad-Hoc|Any CPU.Build.0 = Release|Any CPU
		{2571C25A-23F2-4806-950C-04C3B323BBDC}.Ad-Hoc|iPhone.ActiveCfg = Release|Any CPU
		{2571C25A-23F2-4806-950C-04C3B323BBDC}.Ad-Hoc|iPhoneSimulator.ActiveCfg = Release|Any CPU
		{2571C25A-23F2-4806-950C-04C3B323BBDC}.Ad-Hoc|Mixed Platforms.ActiveCfg = Release|Any CPU
		{2571C25A-23F2-4806-950C-04C3B323BBDC}.Ad-Hoc|Mixed Platforms.Build.0 = Release|Any CPU
		{2571C25A-23F2-4806-950C-04C3B323BBDC}.AppStore|Any CPU.ActiveCfg = Release|Any CPU
		{2571C25A-23F2-4806-950C-04C3B323BBDC}.AppStore|Any CPU.Build.0 = Release|Any CPU
		{2571C25A-23F2-4806-950C-04C3B323BBDC}.AppStore|iPhone.ActiveCfg = Release|Any CPU
		{2571C25A-23F2-4806-950C-04C3B323BBDC}.AppStore|iPhoneSimulator.ActiveCfg = Release|Any CPU
		{2571C25A-23F2-4806-950C-04C3B323BBDC}.AppStore|Mixed Platforms.ActiveCfg = Release|Any CPU
		{2571C25A-23F2-4806-950C-04C3B323BBDC}.AppStore|Mixed Platforms.Build.0 = Release|Any CPU
		{2571C25A-23F2-4806-950C-04C3B323BBDC}.Debug|Any CPU.ActiveCfg = Debug|Any CPU
		{2571C25A-23F2-4806-950C-04C3B323BBDC}.Debug|Any CPU.Build.0 = Debug|Any CPU
		{2571C25A-23F2-4806-950C-04C3B323BBDC}.Debug|iPhone.ActiveCfg = Debug|Any CPU
		{2571C25A-23F2-4806-950C-04C3B323BBDC}.Debug|iPhoneSimulator.ActiveCfg = Debug|Any CPU
		{2571C25A-23F2-4806-950C-04C3B323BBDC}.Debug|Mixed Platforms.ActiveCfg = Debug|Any CPU
		{2571C25A-23F2-4806-950C-04C3B323BBDC}.Debug|Mixed Platforms.Build.0 = Debug|Any CPU
		{2571C25A-23F2-4806-950C-04C3B323BBDC}.Release|Any CPU.ActiveCfg = Release|Any CPU
		{2571C25A-23F2-4806-950C-04C3B323BBDC}.Release|Any CPU.Build.0 = Release|Any CPU
		{2571C25A-23F2-4806-950C-04C3B323BBDC}.Release|iPhone.ActiveCfg = Release|Any CPU
		{2571C25A-23F2-4806-950C-04C3B323BBDC}.Release|iPhoneSimulator.ActiveCfg = Release|Any CPU
		{2571C25A-23F2-4806-950C-04C3B323BBDC}.Release|Mixed Platforms.ActiveCfg = Release|Any CPU
		{2571C25A-23F2-4806-950C-04C3B323BBDC}.Release|Mixed Platforms.Build.0 = Release|Any CPU
		{DC1DAD35-B7EB-4332-A4F9-2E5F69B10BCE}.Ad-Hoc|Any CPU.ActiveCfg = Ad-Hoc|iPhone
		{DC1DAD35-B7EB-4332-A4F9-2E5F69B10BCE}.Ad-Hoc|iPhone.ActiveCfg = Ad-Hoc|iPhone
		{DC1DAD35-B7EB-4332-A4F9-2E5F69B10BCE}.Ad-Hoc|iPhone.Build.0 = Ad-Hoc|iPhone
		{DC1DAD35-B7EB-4332-A4F9-2E5F69B10BCE}.Ad-Hoc|iPhoneSimulator.ActiveCfg = Ad-Hoc|iPhoneSimulator
		{DC1DAD35-B7EB-4332-A4F9-2E5F69B10BCE}.Ad-Hoc|iPhoneSimulator.Build.0 = Ad-Hoc|iPhoneSimulator
		{DC1DAD35-B7EB-4332-A4F9-2E5F69B10BCE}.Ad-Hoc|Mixed Platforms.ActiveCfg = Ad-Hoc|iPhone
		{DC1DAD35-B7EB-4332-A4F9-2E5F69B10BCE}.Ad-Hoc|Mixed Platforms.Build.0 = Ad-Hoc|iPhone
		{DC1DAD35-B7EB-4332-A4F9-2E5F69B10BCE}.AppStore|Any CPU.ActiveCfg = AppStore|iPhone
		{DC1DAD35-B7EB-4332-A4F9-2E5F69B10BCE}.AppStore|iPhone.ActiveCfg = AppStore|iPhone
		{DC1DAD35-B7EB-4332-A4F9-2E5F69B10BCE}.AppStore|iPhone.Build.0 = AppStore|iPhone
		{DC1DAD35-B7EB-4332-A4F9-2E5F69B10BCE}.AppStore|iPhoneSimulator.ActiveCfg = AppStore|iPhoneSimulator
		{DC1DAD35-B7EB-4332-A4F9-2E5F69B10BCE}.AppStore|iPhoneSimulator.Build.0 = AppStore|iPhoneSimulator
		{DC1DAD35-B7EB-4332-A4F9-2E5F69B10BCE}.AppStore|Mixed Platforms.ActiveCfg = AppStore|iPhone
		{DC1DAD35-B7EB-4332-A4F9-2E5F69B10BCE}.AppStore|Mixed Platforms.Build.0 = AppStore|iPhone
		{DC1DAD35-B7EB-4332-A4F9-2E5F69B10BCE}.Debug|Any CPU.ActiveCfg = Debug|iPhone
		{DC1DAD35-B7EB-4332-A4F9-2E5F69B10BCE}.Debug|iPhone.ActiveCfg = Debug|iPhone
		{DC1DAD35-B7EB-4332-A4F9-2E5F69B10BCE}.Debug|iPhone.Build.0 = Debug|iPhone
		{DC1DAD35-B7EB-4332-A4F9-2E5F69B10BCE}.Debug|iPhoneSimulator.ActiveCfg = Debug|iPhoneSimulator
		{DC1DAD35-B7EB-4332-A4F9-2E5F69B10BCE}.Debug|iPhoneSimulator.Build.0 = Debug|iPhoneSimulator
		{DC1DAD35-B7EB-4332-A4F9-2E5F69B10BCE}.Debug|Mixed Platforms.ActiveCfg = Debug|iPhone
		{DC1DAD35-B7EB-4332-A4F9-2E5F69B10BCE}.Debug|Mixed Platforms.Build.0 = Debug|iPhone
		{DC1DAD35-B7EB-4332-A4F9-2E5F69B10BCE}.Release|Any CPU.ActiveCfg = Release|iPhone
		{DC1DAD35-B7EB-4332-A4F9-2E5F69B10BCE}.Release|iPhone.ActiveCfg = Release|iPhone
		{DC1DAD35-B7EB-4332-A4F9-2E5F69B10BCE}.Release|iPhone.Build.0 = Release|iPhone
		{DC1DAD35-B7EB-4332-A4F9-2E5F69B10BCE}.Release|iPhoneSimulator.ActiveCfg = Release|iPhoneSimulator
		{DC1DAD35-B7EB-4332-A4F9-2E5F69B10BCE}.Release|iPhoneSimulator.Build.0 = Release|iPhoneSimulator
		{DC1DAD35-B7EB-4332-A4F9-2E5F69B10BCE}.Release|Mixed Platforms.ActiveCfg = Release|iPhone
		{DC1DAD35-B7EB-4332-A4F9-2E5F69B10BCE}.Release|Mixed Platforms.Build.0 = Release|iPhone
		{1D23EDA3-3737-480C-9DB5-F016191B6ACE}.Ad-Hoc|Any CPU.ActiveCfg = Release|Any CPU
		{1D23EDA3-3737-480C-9DB5-F016191B6ACE}.Ad-Hoc|Any CPU.Build.0 = Release|Any CPU
		{1D23EDA3-3737-480C-9DB5-F016191B6ACE}.Ad-Hoc|Any CPU.Deploy.0 = Release|Any CPU
		{1D23EDA3-3737-480C-9DB5-F016191B6ACE}.Ad-Hoc|iPhone.ActiveCfg = Release|Any CPU
		{1D23EDA3-3737-480C-9DB5-F016191B6ACE}.Ad-Hoc|iPhoneSimulator.ActiveCfg = Release|Any CPU
		{1D23EDA3-3737-480C-9DB5-F016191B6ACE}.Ad-Hoc|Mixed Platforms.ActiveCfg = Release|Any CPU
		{1D23EDA3-3737-480C-9DB5-F016191B6ACE}.Ad-Hoc|Mixed Platforms.Build.0 = Release|Any CPU
		{1D23EDA3-3737-480C-9DB5-F016191B6ACE}.Ad-Hoc|Mixed Platforms.Deploy.0 = Release|Any CPU
		{1D23EDA3-3737-480C-9DB5-F016191B6ACE}.AppStore|Any CPU.ActiveCfg = Release|Any CPU
		{1D23EDA3-3737-480C-9DB5-F016191B6ACE}.AppStore|Any CPU.Build.0 = Release|Any CPU
		{1D23EDA3-3737-480C-9DB5-F016191B6ACE}.AppStore|Any CPU.Deploy.0 = Release|Any CPU
		{1D23EDA3-3737-480C-9DB5-F016191B6ACE}.AppStore|iPhone.ActiveCfg = Release|Any CPU
		{1D23EDA3-3737-480C-9DB5-F016191B6ACE}.AppStore|iPhoneSimulator.ActiveCfg = Release|Any CPU
		{1D23EDA3-3737-480C-9DB5-F016191B6ACE}.AppStore|Mixed Platforms.ActiveCfg = Release|Any CPU
		{1D23EDA3-3737-480C-9DB5-F016191B6ACE}.AppStore|Mixed Platforms.Build.0 = Release|Any CPU
		{1D23EDA3-3737-480C-9DB5-F016191B6ACE}.AppStore|Mixed Platforms.Deploy.0 = Release|Any CPU
		{1D23EDA3-3737-480C-9DB5-F016191B6ACE}.Debug|Any CPU.ActiveCfg = Debug|Any CPU
		{1D23EDA3-3737-480C-9DB5-F016191B6ACE}.Debug|Any CPU.Build.0 = Debug|Any CPU
		{1D23EDA3-3737-480C-9DB5-F016191B6ACE}.Debug|Any CPU.Deploy.0 = Debug|Any CPU
		{1D23EDA3-3737-480C-9DB5-F016191B6ACE}.Debug|iPhone.ActiveCfg = Debug|Any CPU
		{1D23EDA3-3737-480C-9DB5-F016191B6ACE}.Debug|iPhoneSimulator.ActiveCfg = Debug|Any CPU
		{1D23EDA3-3737-480C-9DB5-F016191B6ACE}.Debug|Mixed Platforms.ActiveCfg = Debug|Any CPU
		{1D23EDA3-3737-480C-9DB5-F016191B6ACE}.Debug|Mixed Platforms.Build.0 = Debug|Any CPU
		{1D23EDA3-3737-480C-9DB5-F016191B6ACE}.Debug|Mixed Platforms.Deploy.0 = Debug|Any CPU
		{1D23EDA3-3737-480C-9DB5-F016191B6ACE}.Release|Any CPU.ActiveCfg = Release|Any CPU
		{1D23EDA3-3737-480C-9DB5-F016191B6ACE}.Release|Any CPU.Build.0 = Release|Any CPU
		{1D23EDA3-3737-480C-9DB5-F016191B6ACE}.Release|Any CPU.Deploy.0 = Release|Any CPU
		{1D23EDA3-3737-480C-9DB5-F016191B6ACE}.Release|iPhone.ActiveCfg = Release|Any CPU
		{1D23EDA3-3737-480C-9DB5-F016191B6ACE}.Release|iPhoneSimulator.ActiveCfg = Release|Any CPU
		{1D23EDA3-3737-480C-9DB5-F016191B6ACE}.Release|Mixed Platforms.ActiveCfg = Release|Any CPU
		{1D23EDA3-3737-480C-9DB5-F016191B6ACE}.Release|Mixed Platforms.Build.0 = Release|Any CPU
		{1D23EDA3-3737-480C-9DB5-F016191B6ACE}.Release|Mixed Platforms.Deploy.0 = Release|Any CPU
	EndGlobalSection
	GlobalSection(SolutionProperties) = preSolution
		HideSolutionNode = FALSE
	EndGlobalSection
EndGlobal
