
Microsoft Visual Studio Solution File, Format Version 12.00
# Visual Studio 2012
VisualStudioVersion = 12.0.31101.0
MinimumVisualStudioVersion = 10.0.40219.1
Project("{D954291E-2A0B-460D-934E-DC6B0785DB48}") = "Consonance", "Presenter\Consonance.shproj", "{2459C065-28A0-451F-8537-2AE6A1AF57B3}"
EndProject
Project("{D954291E-2A0B-460D-934E-DC6B0785DB48}") = "Consonance.XamarinFormsView", "XForms\Shared\Consonance.XamarinFormsView.shproj", "{4D2A5AF3-9D11-42B9-BF78-6C2D7B9D6474}"
EndProject
Project("{FAE04EC0-301F-11D3-BF4B-00C04F79EFBC}") = "Consonance.XamarinFormsView.Droid", "XForms\Droid\Consonance.XamarinFormsView.Droid.csproj", "{9686E2E4-5ECD-403C-8AC6-6173309FD4FE}"
EndProject
Project("{FAE04EC0-301F-11D3-BF4B-00C04F79EFBC}") = "Consonance.ConsoleView", "Consonance.ConsoleView\Consonance.ConsoleView.csproj", "{581D0F9A-ADA5-41D0-B049-2CAB1F1BF0FE}"
EndProject
Global
	GlobalSection(SolutionConfigurationPlatforms) = preSolution
		Ad-Hoc|Any CPU = Ad-Hoc|Any CPU
		Ad-Hoc|iPhone = Ad-Hoc|iPhone
		Ad-Hoc|iPhoneSimulator = Ad-Hoc|iPhoneSimulator
		Ad-Hoc|Mixed Platforms = Ad-Hoc|Mixed Platforms
		Ad-Hoc|Win32 = Ad-Hoc|Win32
		AppStore|Any CPU = AppStore|Any CPU
		AppStore|iPhone = AppStore|iPhone
		AppStore|iPhoneSimulator = AppStore|iPhoneSimulator
		AppStore|Mixed Platforms = AppStore|Mixed Platforms
		AppStore|Win32 = AppStore|Win32
		Debug|Any CPU = Debug|Any CPU
		Debug|iPhone = Debug|iPhone
		Debug|iPhoneSimulator = Debug|iPhoneSimulator
		Debug|Mixed Platforms = Debug|Mixed Platforms
		Debug|Win32 = Debug|Win32
		Release|Any CPU = Release|Any CPU
		Release|iPhone = Release|iPhone
		Release|iPhoneSimulator = Release|iPhoneSimulator
		Release|Mixed Platforms = Release|Mixed Platforms
		Release|Win32 = Release|Win32
		Console|Any CPU = Console|Any CPU
	EndGlobalSection
	GlobalSection(ProjectConfigurationPlatforms) = postSolution
		{581D0F9A-ADA5-41D0-B049-2CAB1F1BF0FE}.Ad-Hoc|Any CPU.ActiveCfg = Release|Any CPU
		{581D0F9A-ADA5-41D0-B049-2CAB1F1BF0FE}.Ad-Hoc|Any CPU.Build.0 = Release|Any CPU
		{581D0F9A-ADA5-41D0-B049-2CAB1F1BF0FE}.Ad-Hoc|iPhone.ActiveCfg = Release|Any CPU
		{581D0F9A-ADA5-41D0-B049-2CAB1F1BF0FE}.Ad-Hoc|iPhone.Build.0 = Release|Any CPU
		{581D0F9A-ADA5-41D0-B049-2CAB1F1BF0FE}.Ad-Hoc|iPhoneSimulator.ActiveCfg = Release|Any CPU
		{581D0F9A-ADA5-41D0-B049-2CAB1F1BF0FE}.Ad-Hoc|iPhoneSimulator.Build.0 = Release|Any CPU
		{581D0F9A-ADA5-41D0-B049-2CAB1F1BF0FE}.Ad-Hoc|Mixed Platforms.ActiveCfg = Release|Any CPU
		{581D0F9A-ADA5-41D0-B049-2CAB1F1BF0FE}.Ad-Hoc|Mixed Platforms.Build.0 = Release|Any CPU
		{581D0F9A-ADA5-41D0-B049-2CAB1F1BF0FE}.Ad-Hoc|Win32.ActiveCfg = Debug|Any CPU
		{581D0F9A-ADA5-41D0-B049-2CAB1F1BF0FE}.Ad-Hoc|Win32.Build.0 = Debug|Any CPU
		{581D0F9A-ADA5-41D0-B049-2CAB1F1BF0FE}.AppStore|Any CPU.ActiveCfg = Release|Any CPU
		{581D0F9A-ADA5-41D0-B049-2CAB1F1BF0FE}.AppStore|Any CPU.Build.0 = Release|Any CPU
		{581D0F9A-ADA5-41D0-B049-2CAB1F1BF0FE}.AppStore|iPhone.ActiveCfg = Release|Any CPU
		{581D0F9A-ADA5-41D0-B049-2CAB1F1BF0FE}.AppStore|iPhone.Build.0 = Release|Any CPU
		{581D0F9A-ADA5-41D0-B049-2CAB1F1BF0FE}.AppStore|iPhoneSimulator.ActiveCfg = Release|Any CPU
		{581D0F9A-ADA5-41D0-B049-2CAB1F1BF0FE}.AppStore|iPhoneSimulator.Build.0 = Release|Any CPU
		{581D0F9A-ADA5-41D0-B049-2CAB1F1BF0FE}.AppStore|Mixed Platforms.ActiveCfg = Release|Any CPU
		{581D0F9A-ADA5-41D0-B049-2CAB1F1BF0FE}.AppStore|Mixed Platforms.Build.0 = Release|Any CPU
		{581D0F9A-ADA5-41D0-B049-2CAB1F1BF0FE}.AppStore|Win32.ActiveCfg = Debug|Any CPU
		{581D0F9A-ADA5-41D0-B049-2CAB1F1BF0FE}.AppStore|Win32.Build.0 = Debug|Any CPU
		{581D0F9A-ADA5-41D0-B049-2CAB1F1BF0FE}.Console|Any CPU.ActiveCfg = Console|Any CPU
		{581D0F9A-ADA5-41D0-B049-2CAB1F1BF0FE}.Console|Any CPU.Build.0 = Console|Any CPU
		{581D0F9A-ADA5-41D0-B049-2CAB1F1BF0FE}.Debug|Any CPU.ActiveCfg = Debug|Any CPU
		{581D0F9A-ADA5-41D0-B049-2CAB1F1BF0FE}.Debug|Any CPU.Build.0 = Debug|Any CPU
		{581D0F9A-ADA5-41D0-B049-2CAB1F1BF0FE}.Debug|iPhone.ActiveCfg = Debug|Any CPU
		{581D0F9A-ADA5-41D0-B049-2CAB1F1BF0FE}.Debug|iPhone.Build.0 = Debug|Any CPU
		{581D0F9A-ADA5-41D0-B049-2CAB1F1BF0FE}.Debug|iPhoneSimulator.ActiveCfg = Debug|Any CPU
		{581D0F9A-ADA5-41D0-B049-2CAB1F1BF0FE}.Debug|iPhoneSimulator.Build.0 = Debug|Any CPU
		{581D0F9A-ADA5-41D0-B049-2CAB1F1BF0FE}.Debug|Mixed Platforms.ActiveCfg = Debug|Any CPU
		{581D0F9A-ADA5-41D0-B049-2CAB1F1BF0FE}.Debug|Mixed Platforms.Build.0 = Debug|Any CPU
		{581D0F9A-ADA5-41D0-B049-2CAB1F1BF0FE}.Debug|Win32.ActiveCfg = Debug|Any CPU
		{581D0F9A-ADA5-41D0-B049-2CAB1F1BF0FE}.Debug|Win32.Build.0 = Debug|Any CPU
		{581D0F9A-ADA5-41D0-B049-2CAB1F1BF0FE}.Release|Any CPU.ActiveCfg = Release|Any CPU
		{581D0F9A-ADA5-41D0-B049-2CAB1F1BF0FE}.Release|Any CPU.Build.0 = Release|Any CPU
		{581D0F9A-ADA5-41D0-B049-2CAB1F1BF0FE}.Release|iPhone.ActiveCfg = Release|Any CPU
		{581D0F9A-ADA5-41D0-B049-2CAB1F1BF0FE}.Release|iPhone.Build.0 = Release|Any CPU
		{581D0F9A-ADA5-41D0-B049-2CAB1F1BF0FE}.Release|iPhoneSimulator.ActiveCfg = Release|Any CPU
		{581D0F9A-ADA5-41D0-B049-2CAB1F1BF0FE}.Release|iPhoneSimulator.Build.0 = Release|Any CPU
		{581D0F9A-ADA5-41D0-B049-2CAB1F1BF0FE}.Release|Mixed Platforms.ActiveCfg = Release|Any CPU
		{581D0F9A-ADA5-41D0-B049-2CAB1F1BF0FE}.Release|Mixed Platforms.Build.0 = Release|Any CPU
		{581D0F9A-ADA5-41D0-B049-2CAB1F1BF0FE}.Release|Win32.ActiveCfg = Release|Any CPU
		{581D0F9A-ADA5-41D0-B049-2CAB1F1BF0FE}.Release|Win32.Build.0 = Release|Any CPU
		{9686E2E4-5ECD-403C-8AC6-6173309FD4FE}.Ad-Hoc|Any CPU.ActiveCfg = Release|Any CPU
		{9686E2E4-5ECD-403C-8AC6-6173309FD4FE}.Ad-Hoc|Any CPU.Build.0 = Release|Any CPU
		{9686E2E4-5ECD-403C-8AC6-6173309FD4FE}.Ad-Hoc|Any CPU.Deploy.0 = Release|Any CPU
		{9686E2E4-5ECD-403C-8AC6-6173309FD4FE}.Ad-Hoc|iPhone.ActiveCfg = Release|Any CPU
		{9686E2E4-5ECD-403C-8AC6-6173309FD4FE}.Ad-Hoc|iPhoneSimulator.ActiveCfg = Release|Any CPU
		{9686E2E4-5ECD-403C-8AC6-6173309FD4FE}.Ad-Hoc|Mixed Platforms.ActiveCfg = Release|Any CPU
		{9686E2E4-5ECD-403C-8AC6-6173309FD4FE}.Ad-Hoc|Mixed Platforms.Build.0 = Release|Any CPU
		{9686E2E4-5ECD-403C-8AC6-6173309FD4FE}.Ad-Hoc|Mixed Platforms.Deploy.0 = Release|Any CPU
		{9686E2E4-5ECD-403C-8AC6-6173309FD4FE}.Ad-Hoc|Win32.ActiveCfg = Debug|Any CPU
		{9686E2E4-5ECD-403C-8AC6-6173309FD4FE}.AppStore|Any CPU.ActiveCfg = Release|Any CPU
		{9686E2E4-5ECD-403C-8AC6-6173309FD4FE}.AppStore|Any CPU.Build.0 = Release|Any CPU
		{9686E2E4-5ECD-403C-8AC6-6173309FD4FE}.AppStore|Any CPU.Deploy.0 = Release|Any CPU
		{9686E2E4-5ECD-403C-8AC6-6173309FD4FE}.AppStore|iPhone.ActiveCfg = Release|Any CPU
		{9686E2E4-5ECD-403C-8AC6-6173309FD4FE}.AppStore|iPhoneSimulator.ActiveCfg = Release|Any CPU
		{9686E2E4-5ECD-403C-8AC6-6173309FD4FE}.AppStore|Mixed Platforms.ActiveCfg = Release|Any CPU
		{9686E2E4-5ECD-403C-8AC6-6173309FD4FE}.AppStore|Mixed Platforms.Build.0 = Release|Any CPU
		{9686E2E4-5ECD-403C-8AC6-6173309FD4FE}.AppStore|Mixed Platforms.Deploy.0 = Release|Any CPU
		{9686E2E4-5ECD-403C-8AC6-6173309FD4FE}.AppStore|Win32.ActiveCfg = Debug|Any CPU
		{9686E2E4-5ECD-403C-8AC6-6173309FD4FE}.Console|Any CPU.ActiveCfg = Console|Any CPU
		{9686E2E4-5ECD-403C-8AC6-6173309FD4FE}.Debug|Any CPU.ActiveCfg = Debug|Any CPU
		{9686E2E4-5ECD-403C-8AC6-6173309FD4FE}.Debug|Any CPU.Build.0 = Debug|Any CPU
		{9686E2E4-5ECD-403C-8AC6-6173309FD4FE}.Debug|Any CPU.Deploy.0 = Debug|Any CPU
		{9686E2E4-5ECD-403C-8AC6-6173309FD4FE}.Debug|iPhone.ActiveCfg = Debug|Any CPU
		{9686E2E4-5ECD-403C-8AC6-6173309FD4FE}.Debug|iPhone.Build.0 = Debug|Any CPU
		{9686E2E4-5ECD-403C-8AC6-6173309FD4FE}.Debug|iPhone.Deploy.0 = Debug|Any CPU
		{9686E2E4-5ECD-403C-8AC6-6173309FD4FE}.Debug|iPhoneSimulator.ActiveCfg = Debug|Any CPU
		{9686E2E4-5ECD-403C-8AC6-6173309FD4FE}.Debug|Mixed Platforms.ActiveCfg = Debug|Any CPU
		{9686E2E4-5ECD-403C-8AC6-6173309FD4FE}.Debug|Mixed Platforms.Build.0 = Debug|Any CPU
		{9686E2E4-5ECD-403C-8AC6-6173309FD4FE}.Debug|Mixed Platforms.Deploy.0 = Debug|Any CPU
		{9686E2E4-5ECD-403C-8AC6-6173309FD4FE}.Debug|Win32.ActiveCfg = Debug|Any CPU
		{9686E2E4-5ECD-403C-8AC6-6173309FD4FE}.Release|Any CPU.ActiveCfg = Release|Any CPU
		{9686E2E4-5ECD-403C-8AC6-6173309FD4FE}.Release|Any CPU.Build.0 = Release|Any CPU
		{9686E2E4-5ECD-403C-8AC6-6173309FD4FE}.Release|Any CPU.Deploy.0 = Release|Any CPU
		{9686E2E4-5ECD-403C-8AC6-6173309FD4FE}.Release|iPhone.ActiveCfg = Release|Any CPU
		{9686E2E4-5ECD-403C-8AC6-6173309FD4FE}.Release|iPhoneSimulator.ActiveCfg = Release|Any CPU
		{9686E2E4-5ECD-403C-8AC6-6173309FD4FE}.Release|Mixed Platforms.ActiveCfg = Release|Any CPU
		{9686E2E4-5ECD-403C-8AC6-6173309FD4FE}.Release|Mixed Platforms.Build.0 = Release|Any CPU
		{9686E2E4-5ECD-403C-8AC6-6173309FD4FE}.Release|Mixed Platforms.Deploy.0 = Release|Any CPU
		{9686E2E4-5ECD-403C-8AC6-6173309FD4FE}.Release|Win32.ActiveCfg = Release|Any CPU
		{E6164ACA-3553-41D9-83F7-0772C644D748}.Ad-Hoc|Any CPU.ActiveCfg = Release|Any CPU
		{E6164ACA-3553-41D9-83F7-0772C644D748}.Ad-Hoc|Any CPU.Build.0 = Release|Any CPU
		{E6164ACA-3553-41D9-83F7-0772C644D748}.Ad-Hoc|iPhone.ActiveCfg = Release|Any CPU
		{E6164ACA-3553-41D9-83F7-0772C644D748}.Ad-Hoc|iPhoneSimulator.ActiveCfg = Release|Any CPU
		{E6164ACA-3553-41D9-83F7-0772C644D748}.Ad-Hoc|Mixed Platforms.ActiveCfg = Release|Any CPU
		{E6164ACA-3553-41D9-83F7-0772C644D748}.Ad-Hoc|Mixed Platforms.Build.0 = Release|Any CPU
		{E6164ACA-3553-41D9-83F7-0772C644D748}.Ad-Hoc|Win32.ActiveCfg = Release|Any CPU
		{E6164ACA-3553-41D9-83F7-0772C644D748}.AppStore|Any CPU.ActiveCfg = Release|Any CPU
		{E6164ACA-3553-41D9-83F7-0772C644D748}.AppStore|Any CPU.Build.0 = Release|Any CPU
		{E6164ACA-3553-41D9-83F7-0772C644D748}.AppStore|iPhone.ActiveCfg = Release|Any CPU
		{E6164ACA-3553-41D9-83F7-0772C644D748}.AppStore|iPhoneSimulator.ActiveCfg = Release|Any CPU
		{E6164ACA-3553-41D9-83F7-0772C644D748}.AppStore|Mixed Platforms.ActiveCfg = Release|Any CPU
		{E6164ACA-3553-41D9-83F7-0772C644D748}.AppStore|Mixed Platforms.Build.0 = Release|Any CPU
		{E6164ACA-3553-41D9-83F7-0772C644D748}.AppStore|Win32.ActiveCfg = Release|Any CPU
		{E6164ACA-3553-41D9-83F7-0772C644D748}.Debug|Any CPU.ActiveCfg = Debug|Any CPU
		{E6164ACA-3553-41D9-83F7-0772C644D748}.Debug|Any CPU.Build.0 = Debug|Any CPU
		{E6164ACA-3553-41D9-83F7-0772C644D748}.Debug|iPhone.ActiveCfg = Debug|Any CPU
		{E6164ACA-3553-41D9-83F7-0772C644D748}.Debug|iPhoneSimulator.ActiveCfg = Debug|Any CPU
		{E6164ACA-3553-41D9-83F7-0772C644D748}.Debug|Mixed Platforms.ActiveCfg = Debug|Any CPU
		{E6164ACA-3553-41D9-83F7-0772C644D748}.Debug|Mixed Platforms.Build.0 = Debug|Any CPU
		{E6164ACA-3553-41D9-83F7-0772C644D748}.Debug|Win32.ActiveCfg = Debug|Any CPU
		{E6164ACA-3553-41D9-83F7-0772C644D748}.Release|Any CPU.ActiveCfg = Release|Any CPU
		{E6164ACA-3553-41D9-83F7-0772C644D748}.Release|Any CPU.Build.0 = Release|Any CPU
		{E6164ACA-3553-41D9-83F7-0772C644D748}.Release|iPhone.ActiveCfg = Release|Any CPU
		{E6164ACA-3553-41D9-83F7-0772C644D748}.Release|iPhoneSimulator.ActiveCfg = Release|Any CPU
		{E6164ACA-3553-41D9-83F7-0772C644D748}.Release|Mixed Platforms.ActiveCfg = Release|Any CPU
		{E6164ACA-3553-41D9-83F7-0772C644D748}.Release|Mixed Platforms.Build.0 = Release|Any CPU
		{E6164ACA-3553-41D9-83F7-0772C644D748}.Release|Win32.ActiveCfg = Release|Any CPU
	EndGlobalSection
	GlobalSection(SharedMSBuildProjectFiles) = preSolution
		Consonance\Consonance.projitems*{9686e2e4-5ecd-403c-8ac6-6173309fd4fe}*SharedItemsImports = 4
		Consonance.XamarinFormsView\Consonance.XamarinFormsView\Consonance.XamarinFormsView.projitems*{9686e2e4-5ecd-403c-8ac6-6173309fd4fe}*SharedItemsImports = 4
		Consonance.XamarinFormsView\Consonance.XamarinFormsView\Consonance.XamarinFormsView.projitems*{4d2a5af3-9d11-42b9-bf78-6c2d7b9d6474}*SharedItemsImports = 13
		Consonance\Consonance.projitems*{e6164aca-3553-41d9-83f7-0772c644d748}*SharedItemsImports = 4
		Consonance.XamarinFormsView\Consonance.XamarinFormsView\Consonance.XamarinFormsView.projitems*{e6164aca-3553-41d9-83f7-0772c644d748}*SharedItemsImports = 4
		Consonance\Consonance.projitems*{2459c065-28a0-451f-8537-2ae6a1af57b3}*SharedItemsImports = 13
	EndGlobalSection
	GlobalSection(SolutionProperties) = preSolution
		HideSolutionNode = FALSE
	EndGlobalSection
EndGlobal
