
Microsoft Visual Studio Solution File, Format Version 12.00
# Visual Studio 2012
Project("{D954291E-2A0B-460D-934E-DC6B0785DB48}") = "Consonance", "Consonance\Consonance.shproj", "{2459C065-28A0-451F-8537-2AE6A1AF57B3}"
EndProject
Project("{FAE04EC0-301F-11D3-BF4B-00C04F79EFBC}") = "Consonance.AndroidView", "Consonance.AndroidView\Consonance.AndroidView.csproj", "{7CC2887C-CD5F-4354-AA81-12044CA65A40}"
EndProject
Global
	GlobalSection(SolutionConfigurationPlatforms) = preSolution
		Debug|Any CPU = Debug|Any CPU
		Release|Any CPU = Release|Any CPU
	EndGlobalSection
	GlobalSection(ProjectConfigurationPlatforms) = postSolution
		{7CC2887C-CD5F-4354-AA81-12044CA65A40}.Debug|Any CPU.ActiveCfg = Debug|Any CPU
		{7CC2887C-CD5F-4354-AA81-12044CA65A40}.Debug|Any CPU.Build.0 = Debug|Any CPU
		{7CC2887C-CD5F-4354-AA81-12044CA65A40}.Release|Any CPU.ActiveCfg = Release|Any CPU
		{7CC2887C-CD5F-4354-AA81-12044CA65A40}.Release|Any CPU.Build.0 = Release|Any CPU
	EndGlobalSection
EndGlobal
